// !$*UTF8*$!
{
	archiveVersion = 1;
	classes = {
	};
	objectVersion = 48;
	objects = {

/* Begin PBXBuildFile section */
		E1476F68216C46F500F2B861 /* AppDelegate.m in Sources */ = {isa = PBXBuildFile; fileRef = E1476F67216C46F500F2B861 /* AppDelegate.m */; };
		E1476F6B216C46F500F2B861 /* ViewController.m in Sources */ = {isa = PBXBuildFile; fileRef = E1476F6A216C46F500F2B861 /* ViewController.m */; };
		E1476F6E216C46F500F2B861 /* Main.storyboard in Resources */ = {isa = PBXBuildFile; fileRef = E1476F6C216C46F500F2B861 /* Main.storyboard */; };
		E1476F70216C46F500F2B861 /* Assets.xcassets in Resources */ = {isa = PBXBuildFile; fileRef = E1476F6F216C46F500F2B861 /* Assets.xcassets */; };
		E1476F73216C46F500F2B861 /* LaunchScreen.storyboard in Resources */ = {isa = PBXBuildFile; fileRef = E1476F71216C46F500F2B861 /* LaunchScreen.storyboard */; };
		E1476F76216C46F500F2B861 /* main.m in Sources */ = {isa = PBXBuildFile; fileRef = E1476F75216C46F500F2B861 /* main.m */; };
		E1476F80216C470200F2B861 /* LockBtnView.m in Sources */ = {isa = PBXBuildFile; fileRef = E1476F7C216C470200F2B861 /* LockBtnView.m */; };
		E1476F81216C470200F2B861 /* GestureUnlockView.m in Sources */ = {isa = PBXBuildFile; fileRef = E1476F7D216C470200F2B861 /* GestureUnlockView.m */; };
/* End PBXBuildFile section */

/* Begin PBXFileReference section */
		E1476F63216C46F500F2B861 /* GestureLock.app */ = {isa = PBXFileReference; explicitFileType = wrapper.application; includeInIndex = 0; path = GestureLock.app; sourceTree = BUILT_PRODUCTS_DIR; };
		E1476F66216C46F500F2B861 /* AppDelegate.h */ = {isa = PBXFileReference; lastKnownFileType = sourcecode.c.h; path = AppDelegate.h; sourceTree = "<group>"; };
		E1476F67216C46F500F2B861 /* AppDelegate.m */ = {isa = PBXFileReference; lastKnownFileType = sourcecode.c.objc; path = AppDelegate.m; sourceTree = "<group>"; };
		E1476F69216C46F500F2B861 /* ViewController.h */ = {isa = PBXFileReference; lastKnownFileType = sourcecode.c.h; path = ViewController.h; sourceTree = "<group>"; };
		E1476F6A216C46F500F2B861 /* ViewController.m */ = {isa = PBXFileReference; lastKnownFileType = sourcecode.c.objc; path = ViewController.m; sourceTree = "<group>"; };
		E1476F6D216C46F500F2B861 /* Base */ = {isa = PBXFileReference; lastKnownFileType = file.storyboard; name = Base; path = Base.lproj/Main.storyboard; sourceTree = "<group>"; };
		E1476F6F216C46F500F2B861 /* Assets.xcassets */ = {isa = PBXFileReference; lastKnownFileType = folder.assetcatalog; path = Assets.xcassets; sourceTree = "<group>"; };
		E1476F72216C46F500F2B861 /* Base */ = {isa = PBXFileReference; lastKnownFileType = file.storyboard; name = Base; path = Base.lproj/LaunchScreen.storyboard; sourceTree = "<group>"; };
		E1476F74216C46F500F2B861 /* Info.plist */ = {isa = PBXFileReference; lastKnownFileType = text.plist.xml; path = Info.plist; sourceTree = "<group>"; };
		E1476F75216C46F500F2B861 /* main.m */ = {isa = PBXFileReference; lastKnownFileType = sourcecode.c.objc; path = main.m; sourceTree = "<group>"; };
		E1476F7C216C470200F2B861 /* LockBtnView.m */ = {isa = PBXFileReference; fileEncoding = 4; lastKnownFileType = sourcecode.c.objc; path = LockBtnView.m; sourceTree = "<group>"; };
		E1476F7D216C470200F2B861 /* GestureUnlockView.m */ = {isa = PBXFileReference; fileEncoding = 4; lastKnownFileType = sourcecode.c.objc; path = GestureUnlockView.m; sourceTree = "<group>"; };
		E1476F7E216C470200F2B861 /* GestureUnlockView.h */ = {isa = PBXFileReference; fileEncoding = 4; lastKnownFileType = sourcecode.c.h; path = GestureUnlockView.h; sourceTree = "<group>"; };
		E1476F7F216C470200F2B861 /* LockBtnView.h */ = {isa = PBXFileReference; fileEncoding = 4; lastKnownFileType = sourcecode.c.h; path = LockBtnView.h; sourceTree = "<group>"; };
/* End PBXFileReference section */

/* Begin PBXFrameworksBuildPhase section */
		E1476F60216C46F500F2B861 /* Frameworks */ = {
			isa = PBXFrameworksBuildPhase;
			buildActionMask = 2147483647;
			files = (
			);
			runOnlyForDeploymentPostprocessing = 0;
		};
/* End PBXFrameworksBuildPhase section */

/* Begin PBXGroup section */
		E1476F5A216C46F500F2B861 = {
			isa = PBXGroup;
			children = (
				E1476F65216C46F500F2B861 /* GestureLock */,
				E1476F64216C46F500F2B861 /* Products */,
			);
			sourceTree = "<group>";
		};
		E1476F64216C46F500F2B861 /* Products */ = {
			isa = PBXGroup;
			children = (
				E1476F63216C46F500F2B861 /* GestureLock.app */,
			);
			name = Products;
			sourceTree = "<group>";
		};
		E1476F65216C46F500F2B861 /* GestureLock */ = {
			isa = PBXGroup;
			children = (
				E1476F7E216C470200F2B861 /* GestureUnlockView.h */,
				E1476F7D216C470200F2B861 /* GestureUnlockView.m */,
				E1476F7F216C470200F2B861 /* LockBtnView.h */,
				E1476F7C216C470200F2B861 /* LockBtnView.m */,
				E1476F66216C46F500F2B861 /* AppDelegate.h */,
				E1476F67216C46F500F2B861 /* AppDelegate.m */,
				E1476F69216C46F500F2B861 /* ViewController.h */,
				E1476F6A216C46F500F2B861 /* ViewController.m */,
				E1476F6C216C46F500F2B861 /* Main.storyboard */,
				E1476F6F216C46F500F2B861 /* Assets.xcassets */,
				E1476F71216C46F500F2B861 /* LaunchScreen.storyboard */,
				E1476F74216C46F500F2B861 /* Info.plist */,
				E1476F75216C46F500F2B861 /* main.m */,
			);
			path = GestureLock;
			sourceTree = "<group>";
		};
/* End PBXGroup section */

/* Begin PBXNativeTarget section */
		E1476F62216C46F500F2B861 /* GestureLock */ = {
			isa = PBXNativeTarget;
			buildConfigurationList = E1476F79216C46F500F2B861 /* Build configuration list for PBXNativeTarget "GestureLock" */;
			buildPhases = (
				E1476F5F216C46F500F2B861 /* Sources */,
				E1476F60216C46F500F2B861 /* Frameworks */,
				E1476F61216C46F500F2B861 /* Resources */,
			);
			buildRules = (
			);
			dependencies = (
			);
			name = GestureLock;
			productName = GestureLock;
			productReference = E1476F63216C46F500F2B861 /* GestureLock.app */;
			productType = "com.apple.product-type.application";
		};
/* End PBXNativeTarget section */

/* Begin PBXProject section */
		E1476F5B216C46F500F2B861 /* Project object */ = {
			isa = PBXProject;
			attributes = {
				LastUpgradeCheck = 0920;
				ORGANIZATIONNAME = HP;
				TargetAttributes = {
					E1476F62216C46F500F2B861 = {
						CreatedOnToolsVersion = 9.2;
						ProvisioningStyle = Automatic;
					};
				};
			};
			buildConfigurationList = E1476F5E216C46F500F2B861 /* Build configuration list for PBXProject "GestureLock" */;
			compatibilityVersion = "Xcode 8.0";
			developmentRegion = en;
			hasScannedForEncodings = 0;
			knownRegions = (
				en,
				Base,
			);
			mainGroup = E1476F5A216C46F500F2B861;
			productRefGroup = E1476F64216C46F500F2B861 /* Products */;
			projectDirPath = "";
			projectRoot = "";
			targets = (
				E1476F62216C46F500F2B861 /* GestureLock */,
			);
		};
/* End PBXProject section */

/* Begin PBXResourcesBuildPhase section */
		E1476F61216C46F500F2B861 /* Resources */ = {
			isa = PBXResourcesBuildPhase;
			buildActionMask = 2147483647;
			files = (
				E1476F73216C46F500F2B861 /* LaunchScreen.storyboard in Resources */,
				E1476F70216C46F500F2B861 /* Assets.xcassets in Resources */,
				E1476F6E216C46F500F2B861 /* Main.storyboard in Resources */,
			);
			runOnlyForDeploymentPostprocessing = 0;
		};
/* End PBXResourcesBuildPhase section */

/* Begin PBXSourcesBuildPhase section */
		E1476F5F216C46F500F2B861 /* Sources */ = {
			isa = PBXSourcesBuildPhase;
			buildActionMask = 2147483647;
			files = (
				E1476F80216C470200F2B861 /* LockBtnView.m in Sources */,
				E1476F6B216C46F500F2B861 /* ViewController.m in Sources */,
				E1476F81216C470200F2B861 /* GestureUnlockView.m in Sources */,
				E1476F76216C46F500F2B861 /* main.m in Sources */,
				E1476F68216C46F500F2B861 /* AppDelegate.m in Sources */,
			);
			runOnlyForDeploymentPostprocessing = 0;
		};
/* End PBXSourcesBuildPhase section */

/* Begin PBXVariantGroup section */
		E1476F6C216C46F500F2B861 /* Main.storyboard */ = {
			isa = PBXVariantGroup;
			children = (
				E1476F6D216C46F500F2B861 /* Base */,
			);
			name = Main.storyboard;
			sourceTree = "<group>";
		};
		E1476F71216C46F500F2B861 /* LaunchScreen.storyboard */ = {
			isa = PBXVariantGroup;
			children = (
				E1476F72216C46F500F2B861 /* Base */,
			);
			name = LaunchScreen.storyboard;
			sourceTree = "<group>";
		};
/* End PBXVariantGroup section */

/* Begin XCBuildConfiguration section */
		E1476F77216C46F500F2B861 /* Debug */ = {
			isa = XCBuildConfiguration;
			buildSettings = {
				ALWAYS_SEARCH_USER_PATHS = NO;
				CLANG_ANALYZER_NONNULL = YES;
				CLANG_ANALYZER_NUMBER_OBJECT_CONVERSION = YES_AGGRESSIVE;
				CLANG_CXX_LANGUAGE_STANDARD = "gnu++14";
				CLANG_CXX_LIBRARY = "libc++";
				CLANG_ENABLE_MODULES = YES;
				CLANG_ENABLE_OBJC_ARC = YES;
				CLANG_WARN_BLOCK_CAPTURE_AUTORELEASING = YES;
				CLANG_WARN_BOOL_CONVERSION = YES;
				CLANG_WARN_COMMA = YES;
				CLANG_WARN_CONSTANT_CONVERSION = YES;
				CLANG_WARN_DIRECT_OBJC_ISA_USAGE = YES_ERROR;
				CLANG_WARN_DOCUMENTATION_COMMENTS = YES;
				CLANG_WARN_EMPTY_BODY = YES;
				CLANG_WARN_ENUM_CONVERSION = YES;
				CLANG_WARN_INFINITE_RECURSION = YES;
				CLANG_WARN_INT_CONVERSION = YES;
				CLANG_WARN_NON_LITERAL_NULL_CONVERSION = YES;
				CLANG_WARN_OBJC_LITERAL_CONVERSION = YES;
				CLANG_WARN_OBJC_ROOT_CLASS = YES_ERROR;
				CLANG_WARN_RANGE_LOOP_ANALYSIS = YES;
				CLANG_WARN_STRICT_PROTOTYPES = YES;
				CLANG_WARN_SUSPICIOUS_MOVE = YES;
				CLANG_WARN_UNGUARDED_AVAILABILITY = YES_AGGRESSIVE;
				CLANG_WARN_UNREACHABLE_CODE = YES;
				CLANG_WARN__DUPLICATE_METHOD_MATCH = YES;
				CODE_SIGN_IDENTITY = "iPhone Developer";
				COPY_PHASE_STRIP = NO;
				DEBUG_INFORMATION_FORMAT = dwarf;
				ENABLE_STRICT_OBJC_MSGSEND = YES;
				ENABLE_TESTABILITY = YES;
				GCC_C_LANGUAGE_STANDARD = gnu11;
				GCC_DYNAMIC_NO_PIC = NO;
				GCC_NO_COMMON_BLOCKS = YES;
				GCC_OPTIMIZATION_LEVEL = 0;
				GCC_PREPROCESSOR_DEFINITIONS = (
					"DEBUG=1",
					"$(inherited)",
				);
				GCC_WARN_64_TO_32_BIT_CONVERSION = YES;
				GCC_WARN_ABOUT_RETURN_TYPE = YES_ERROR;
				GCC_WARN_UNDECLARED_SELECTOR = YES;
				GCC_WARN_UNINITIALIZED_AUTOS = YES_AGGRESSIVE;
				GCC_WARN_UNUSED_FUNCTION = YES;
				GCC_WARN_UNUSED_VARIABLE = YES;
				IPHONEOS_DEPLOYMENT_TARGET = 11.2;
				MTL_ENABLE_DEBUG_INFO = YES;
				ONLY_ACTIVE_ARCH = YES;
				SDKROOT = iphoneos;
			};
			name = Debug;
		};
		E1476F78216C46F500F2B861 /* Release */ = {
			isa = XCBuildConfiguration;
			buildSettings = {
				ALWAYS_SEARCH_USER_PATHS = NO;
				CLANG_ANALYZER_NONNULL = YES;
				CLANG_ANALYZER_NUMBER_OBJECT_CONVERSION = YES_AGGRESSIVE;
				CLANG_CXX_LANGUAGE_STANDARD = "gnu++14";
				CLANG_CXX_LIBRARY = "libc++";
				CLANG_ENABLE_MODULES = YES;
				CLANG_ENABLE_OBJC_ARC = YES;
				CLANG_WARN_BLOCK_CAPTURE_AUTORELEASING = YES;
				CLANG_WARN_BOOL_CONVERSION = YES;
				CLANG_WARN_COMMA = YES;
				CLANG_WARN_CONSTANT_CONVERSION = YES;
				CLANG_WARN_DIRECT_OBJC_ISA_USAGE = YES_ERROR;
				CLANG_WARN_DOCUMENTATION_COMMENTS = YES;
				CLANG_WARN_EMPTY_BODY = YES;
				CLANG_WARN_ENUM_CONVERSION = YES;
				CLANG_WARN_INFINITE_RECURSION = YES;
				CLANG_WARN_INT_CONVERSION = YES;
				CLANG_WARN_NON_LITERAL_NULL_CONVERSION = YES;
				CLANG_WARN_OBJC_LITERAL_CONVERSION = YES;
				CLANG_WARN_OBJC_ROOT_CLASS = YES_ERROR;
				CLANG_WARN_RANGE_LOOP_ANALYSIS = YES;
				CLANG_WARN_STRICT_PROTOTYPES = YES;
				CLANG_WARN_SUSPICIOUS_MOVE = YES;
				CLANG_WARN_UNGUARDED_AVAILABILITY = YES_AGGRESSIVE;
				CLANG_WARN_UNREACHABLE_CODE = YES;
				CLANG_WARN__DUPLICATE_METHOD_MATCH = YES;
				CODE_SIGN_IDENTITY = "iPhone Developer";
				COPY_PHASE_STRIP = NO;
				DEBUG_INFORMATION_FORMAT = "dwarf-with-dsym";
				ENABLE_NS_ASSERTIONS = NO;
				ENABLE_STRICT_OBJC_MSGSEND = YES;
				GCC_C_LANGUAGE_STANDARD = gnu11;
				GCC_NO_COMMON_BLOCKS = YES;
				GCC_WARN_64_TO_32_BIT_CONVERSION = YES;
				GCC_WARN_ABOUT_RETURN_TYPE = YES_ERROR;
				GCC_WARN_UNDECLARED_SELECTOR = YES;
				GCC_WARN_UNINITIALIZED_AUTOS = YES_AGGRESSIVE;
				GCC_WARN_UNUSED_FUNCTION = YES;
				GCC_WARN_UNUSED_VARIABLE = YES;
				IPHONEOS_DEPLOYMENT_TARGET = 11.2;
				MTL_ENABLE_DEBUG_INFO = NO;
				SDKROOT = iphoneos;
				VALIDATE_PRODUCT = YES;
			};
			name = Release;
		};
		E1476F7A216C46F500F2B861 /* Debug */ = {
			isa = XCBuildConfiguration;
			buildSettings = {
				ASSETCATALOG_COMPILER_APPICON_NAME = AppIcon;
				CODE_SIGN_STYLE = Automatic;
				INFOPLIST_FILE = GestureLock/Info.plist;
				LD_RUNPATH_SEARCH_PATHS = "$(inherited) @executable_path/Frameworks";
				PRODUCT_BUNDLE_IDENTIFIER = com.hpkj.GestureLock;
				PRODUCT_NAME = "$(TARGET_NAME)";
				TARGETED_DEVICE_FAMILY = "1,2";
			};
			name = Debug;
		};
		E1476F7B216C46F500F2B861 /* Release */ = {
			isa = XCBuildConfiguration;
			buildSettings = {
				ASSETCATALOG_COMPILER_APPICON_NAME = AppIcon;
				CODE_SIGN_STYLE = Automatic;
				INFOPLIST_FILE = GestureLock/Info.plist;
				LD_RUNPATH_SEARCH_PATHS = "$(inherited) @executable_path/Frameworks";
				PRODUCT_BUNDLE_IDENTIFIER = com.hpkj.GestureLock;
				PRODUCT_NAME = "$(TARGET_NAME)";
				TARGETED_DEVICE_FAMILY = "1,2";
			};
			name = Release;
		};
/* End XCBuildConfiguration section */

/* Begin XCConfigurationList section */
		E1476F5E216C46F500F2B861 /* Build configuration list for PBXProject "GestureLock" */ = {
			isa = XCConfigurationList;
			buildConfigurations = (
				E1476F77216C46F500F2B861 /* Debug */,
				E1476F78216C46F500F2B861 /* Release */,
			);
			defaultConfigurationIsVisible = 0;
			defaultConfigurationName = Release;
		};
		E1476F79216C46F500F2B861 /* Build configuration list for PBXNativeTarget "GestureLock" */ = {
			isa = XCConfigurationList;
			buildConfigurations = (
				E1476F7A216C46F500F2B861 /* Debug */,
				E1476F7B216C46F500F2B861 /* Release */,
			);
			defaultConfigurationIsVisible = 0;
			defaultConfigurationName = Release;
		};
/* End XCConfigurationList section */
	};
	rootObject = E1476F5B216C46F500F2B861 /* Project object */;
}
